
Microsoft Visual Studio Solution File, Format Version 12.00
# Visual Studio Version 16
VisualStudioVersion = 16.0.28714.193
MinimumVisualStudioVersion = 10.0.40219.1
Project("{9A19103F-16F7-4668-BE54-9A1E7A4F7556}") = "SAFE.AuthClient", "SAFE.AuthClient\SAFE.AuthClient.csproj", "{7C5BA25F-45B8-47A2-A4BD-31DF46B78E3F}"
EndProject
Project("{9A19103F-16F7-4668-BE54-9A1E7A4F7556}") = "SAFE.BrowserAuthClient", "SAFE.BrowserAuthClient\SAFE.BrowserAuthClient.csproj", "{C1A4A55C-C4D3-42FD-93E1-C51773563C53}"
EndProject
Global
	GlobalSection(SolutionConfigurationPlatforms) = preSolution
		Debug|Any CPU = Debug|Any CPU
		Debug|x64 = Debug|x64
		Release|Any CPU = Release|Any CPU
		Release|x64 = Release|x64
	EndGlobalSection
	GlobalSection(ProjectConfigurationPlatforms) = postSolution
		{7C5BA25F-45B8-47A2-A4BD-31DF46B78E3F}.Debug|Any CPU.ActiveCfg = Debug|x64
		{7C5BA25F-45B8-47A2-A4BD-31DF46B78E3F}.Debug|x64.ActiveCfg = Debug|x64
		{7C5BA25F-45B8-47A2-A4BD-31DF46B78E3F}.Debug|x64.Build.0 = Debug|x64
		{7C5BA25F-45B8-47A2-A4BD-31DF46B78E3F}.Release|Any CPU.ActiveCfg = Release|x64
		{7C5BA25F-45B8-47A2-A4BD-31DF46B78E3F}.Release|x64.ActiveCfg = Release|x64
		{7C5BA25F-45B8-47A2-A4BD-31DF46B78E3F}.Release|x64.Build.0 = Release|x64
		{C1A4A55C-C4D3-42FD-93E1-C51773563C53}.Debug|Any CPU.ActiveCfg = Debug|x64
		{C1A4A55C-C4D3-42FD-93E1-C51773563C53}.Debug|x64.ActiveCfg = Debug|x64
		{C1A4A55C-C4D3-42FD-93E1-C51773563C53}.Debug|x64.Build.0 = Debug|x64
		{C1A4A55C-C4D3-42FD-93E1-C51773563C53}.Release|Any CPU.ActiveCfg = Release|x64
		{C1A4A55C-C4D3-42FD-93E1-C51773563C53}.Release|x64.ActiveCfg = Release|x64
		{C1A4A55C-C4D3-42FD-93E1-C51773563C53}.Release|x64.Build.0 = Release|x64
	EndGlobalSection
	GlobalSection(SolutionProperties) = preSolution
		HideSolutionNode = FALSE
	EndGlobalSection
	GlobalSection(ExtensibilityGlobals) = postSolution
		SolutionGuid = {80039D99-8461-4AD2-A1A6-788760EADAF3}
	EndGlobalSection
EndGlobal
